<?xml version="1.0" encoding="utf-8"?>
<Project ToolsVersion="4.0" xmlns="http://schemas.microsoft.com/developer/msbuild/2003">
  <ItemGroup>
    <Filter Include="CPURayTracing">
      <UniqueIdentifier>{C1817233-2D42-EE69-F67C-37E762FC3246}</UniqueIdentifier>
    </Filter>
  </ItemGroup>
  <ItemGroup>
    <ClInclude Include="Source\AhoEditorLayer.h" />
    <ClInclude Include="Source\CPURayTracing\CPURenderer.h">
      <Filter>CPURayTracing</Filter>
    </ClInclude>
    <ClInclude Include="Source\CPURayTracing\CPUScene.h">
      <Filter>CPURayTracing</Filter>
    </ClInclude>
    <ClInclude Include="Source\CPURayTracing\RayTracingLayer.h">
      <Filter>CPURayTracing</Filter>
    </ClInclude>
  </ItemGroup>
  <ItemGroup>
    <ClCompile Include="Source\AhoEditorApp.cpp" />
    <ClCompile Include="Source\AhoEditorLayer.cpp" />
    <ClCompile Include="Source\CPURayTracing\CPURenderer.cpp">
      <Filter>CPURayTracing</Filter>
    </ClCompile>
    <ClCompile Include="Source\CPURayTracing\RayTracingLayer.cpp">
      <Filter>CPURayTracing</Filter>
    </ClCompile>
  </ItemGroup>
  <ItemGroup>
    <None Include="ShaderSrc\Compute.glsl" />
  </ItemGroup>
</Project>